
Microsoft Visual Studio Solution File, Format Version 12.00
# Visual Studio Version 17
VisualStudioVersion = 17.7.34024.191
MinimumVisualStudioVersion = 10.0.40219.1
Project("{FAE04EC0-301F-11D3-BF4B-00C04F79EFBC}") = "Test1", "Test1\Test1.csproj", "{B1967434-E541-4B8A-BCA7-4DEA3AD544F5}"
EndProject
Global
	GlobalSection(SolutionConfigurationPlatforms) = preSolution
		Debug|Any CPU = Debug|Any CPU
		Release|Any CPU = Release|Any CPU
	EndGlobalSection
	GlobalSection(ProjectConfigurationPlatforms) = postSolution
		{B1967434-E541-4B8A-BCA7-4DEA3AD544F5}.Debug|Any CPU.ActiveCfg = Debug|Any CPU
		{B1967434-E541-4B8A-BCA7-4DEA3AD544F5}.Debug|Any CPU.Build.0 = Debug|Any CPU
		{B1967434-E541-4B8A-BCA7-4DEA3AD544F5}.Release|Any CPU.ActiveCfg = Release|Any CPU
		{B1967434-E541-4B8A-BCA7-4DEA3AD544F5}.Release|Any CPU.Build.0 = Release|Any CPU
	EndGlobalSection
	GlobalSection(SolutionProperties) = preSolution
		HideSolutionNode = FALSE
	EndGlobalSection
	GlobalSection(ExtensibilityGlobals) = postSolution
		SolutionGuid = {6DEDD511-D406-476E-BB48-1ED24EDE2DC8}
	EndGlobalSection
EndGlobal
